#MicroXplorer Configuration settings - do not modify
ADC1.Channel-0\#ChannelRegularConversion=ADC_CHANNEL_3
ADC1.ClockPrescaler=ADC_CLOCK_ASYNC_DIV2
ADC1.ClockPrescalerADC3=ADC_CLOCK_ASYNC_DIV2
ADC1.DMAAccessModeView=ENABLE
ADC1.ExternalTrigConv=ADC_EXTERNALTRIG_T1_TRGO2
ADC1.IPParameters=Rank-0\#ChannelRegularConversion,Channel-0\#ChannelRegularConversion,SingleDiff-0\#ChannelRegularConversion,SamplingTime-0\#ChannelRegularConversion,OffsetNumber-0\#ChannelRegularConversion,OffsetSignedSaturation-0\#ChannelRegularConversion,NbrOfConversionFlag,master,ClockPrescaler,ClockPrescalerADC3,ExternalTrigConv,Mode,DMAAccessModeView
ADC1.Mode=ADC_DUALMODE_REGSIMULT
ADC1.NbrOfConversionFlag=1
ADC1.OffsetNumber-0\#ChannelRegularConversion=ADC_OFFSET_NONE
ADC1.OffsetSignedSaturation-0\#ChannelRegularConversion=DISABLE
ADC1.Rank-0\#ChannelRegularConversion=1
ADC1.SamplingTime-0\#ChannelRegularConversion=ADC_SAMPLETIME_1CYCLE_5
ADC1.SingleDiff-0\#ChannelRegularConversion=ADC_DIFFERENTIAL_ENDED
ADC1.master=1
ADC2.Channel-0\#ChannelRegularConversion=ADC_CHANNEL_5
ADC2.ClockPrescaler=ADC_CLOCK_ASYNC_DIV2
ADC2.ClockPrescalerADC3=ADC_CLOCK_ASYNC_DIV2
ADC2.DMAAccessModeView=ENABLE
ADC2.IPParameters=Rank-0\#ChannelRegularConversion,Channel-0\#ChannelRegularConversion,SamplingTime-0\#ChannelRegularConversion,OffsetNumber-0\#ChannelRegularConversion,OffsetSignedSaturation-0\#ChannelRegularConversion,NbrOfConversionFlag,ClockPrescaler,ClockPrescalerADC3,Mode,DMAAccessModeView
ADC2.Mode=ADC_DUALMODE_REGSIMULT
ADC2.NbrOfConversionFlag=1
ADC2.OffsetNumber-0\#ChannelRegularConversion=ADC_OFFSET_NONE
ADC2.OffsetSignedSaturation-0\#ChannelRegularConversion=DISABLE
ADC2.Rank-0\#ChannelRegularConversion=1
ADC2.SamplingTime-0\#ChannelRegularConversion=ADC_SAMPLETIME_1CYCLE_5
ADC3.Channel-0\#ChannelRegularConversion=ADC_CHANNEL_1
ADC3.ClockPrescaler=ADC_CLOCK_ASYNC_DIV2
ADC3.ClockPrescalerADC3=ADC_CLOCK_ASYNC_DIV2
ADC3.DMAAccessModeView=ENABLE
ADC3.IPParameters=Rank-0\#ChannelRegularConversion,Channel-0\#ChannelRegularConversion,SamplingTime-0\#ChannelRegularConversion,OffsetNumber-0\#ChannelRegularConversion,OffsetSignedSaturation-0\#ChannelRegularConversion,NbrOfConversionFlag,ClockPrescaler,ClockPrescalerADC3,Mode,DMAAccessModeView
ADC3.Mode=ADC_DUALMODE_REGSIMULT
ADC3.NbrOfConversionFlag=1
ADC3.OffsetNumber-0\#ChannelRegularConversion=ADC_OFFSET_NONE
ADC3.OffsetSignedSaturation-0\#ChannelRegularConversion=DISABLE
ADC3.Rank-0\#ChannelRegularConversion=1
ADC3.SamplingTime-0\#ChannelRegularConversion=ADC_SAMPLETIME_1CYCLE_5
CAD.formats=
CAD.pinconfig=
CAD.provider=
CORTEX_M7.CPU_ICache=Disabled
CORTEX_M7.IPParameters=default_mode_Activation,CPU_ICache
CORTEX_M7.default_mode_Activation=1
DAC1.DAC_Channel-DAC_OUT1=DAC_CHANNEL_1
DAC1.DAC_Channel-DAC_OUT2=DAC_CHANNEL_2
DAC1.IPParameters=DAC_Channel-DAC_OUT1,DAC_Channel-DAC_OUT2
Dma.ADC1.1.Direction=DMA_PERIPH_TO_MEMORY
Dma.ADC1.1.EventEnable=DISABLE
Dma.ADC1.1.FIFOMode=DMA_FIFOMODE_DISABLE
Dma.ADC1.1.Instance=DMA1_Stream1
Dma.ADC1.1.MemDataAlignment=DMA_MDATAALIGN_HALFWORD
Dma.ADC1.1.MemInc=DMA_MINC_ENABLE
Dma.ADC1.1.Mode=DMA_NORMAL
Dma.ADC1.1.PeriphDataAlignment=DMA_PDATAALIGN_HALFWORD
Dma.ADC1.1.PeriphInc=DMA_PINC_DISABLE
Dma.ADC1.1.Polarity=HAL_DMAMUX_REQ_GEN_RISING
Dma.ADC1.1.Priority=DMA_PRIORITY_LOW
Dma.ADC1.1.RequestNumber=1
Dma.ADC1.1.RequestParameters=Instance,Direction,PeriphInc,MemInc,PeriphDataAlignment,MemDataAlignment,Mode,Priority,FIFOMode,SignalID,Polarity,RequestNumber,SyncSignalID,SyncPolarity,SyncEnable,EventEnable,SyncRequestNumber
Dma.ADC1.1.SignalID=NONE
Dma.ADC1.1.SyncEnable=DISABLE
Dma.ADC1.1.SyncPolarity=HAL_DMAMUX_SYNC_NO_EVENT
Dma.ADC1.1.SyncRequestNumber=1
Dma.ADC1.1.SyncSignalID=NONE
Dma.ADC2.2.Direction=DMA_PERIPH_TO_MEMORY
Dma.ADC2.2.EventEnable=DISABLE
Dma.ADC2.2.FIFOMode=DMA_FIFOMODE_DISABLE
Dma.ADC2.2.Instance=DMA1_Stream2
Dma.ADC2.2.MemDataAlignment=DMA_MDATAALIGN_HALFWORD
Dma.ADC2.2.MemInc=DMA_MINC_ENABLE
Dma.ADC2.2.Mode=DMA_NORMAL
Dma.ADC2.2.PeriphDataAlignment=DMA_PDATAALIGN_HALFWORD
Dma.ADC2.2.PeriphInc=DMA_PINC_DISABLE
Dma.ADC2.2.Polarity=HAL_DMAMUX_REQ_GEN_RISING
Dma.ADC2.2.Priority=DMA_PRIORITY_LOW
Dma.ADC2.2.RequestNumber=1
Dma.ADC2.2.RequestParameters=Instance,Direction,PeriphInc,MemInc,PeriphDataAlignment,MemDataAlignment,Mode,Priority,FIFOMode,SignalID,Polarity,RequestNumber,SyncSignalID,SyncPolarity,SyncEnable,EventEnable,SyncRequestNumber
Dma.ADC2.2.SignalID=NONE
Dma.ADC2.2.SyncEnable=DISABLE
Dma.ADC2.2.SyncPolarity=HAL_DMAMUX_SYNC_NO_EVENT
Dma.ADC2.2.SyncRequestNumber=1
Dma.ADC2.2.SyncSignalID=NONE
Dma.Request0=SPI2_TX
Dma.Request1=ADC1
Dma.Request2=ADC2
Dma.RequestsNb=3
Dma.SPI2_TX.0.Direction=DMA_MEMORY_TO_PERIPH
Dma.SPI2_TX.0.EventEnable=DISABLE
Dma.SPI2_TX.0.FIFOMode=DMA_FIFOMODE_ENABLE
Dma.SPI2_TX.0.FIFOThreshold=DMA_FIFO_THRESHOLD_HALFFULL
Dma.SPI2_TX.0.Instance=DMA1_Stream0
Dma.SPI2_TX.0.MemBurst=DMA_MBURST_SINGLE
Dma.SPI2_TX.0.MemDataAlignment=DMA_MDATAALIGN_HALFWORD
Dma.SPI2_TX.0.MemInc=DMA_MINC_ENABLE
Dma.SPI2_TX.0.Mode=DMA_CIRCULAR
Dma.SPI2_TX.0.PeriphBurst=DMA_PBURST_SINGLE
Dma.SPI2_TX.0.PeriphDataAlignment=DMA_PDATAALIGN_HALFWORD
Dma.SPI2_TX.0.PeriphInc=DMA_PINC_DISABLE
Dma.SPI2_TX.0.Polarity=HAL_DMAMUX_REQ_GEN_RISING
Dma.SPI2_TX.0.Priority=DMA_PRIORITY_LOW
Dma.SPI2_TX.0.RequestNumber=1
Dma.SPI2_TX.0.RequestParameters=Instance,Direction,PeriphInc,MemInc,PeriphDataAlignment,MemDataAlignment,Mode,Priority,FIFOMode,FIFOThreshold,MemBurst,PeriphBurst,SignalID,Polarity,RequestNumber,SyncSignalID,SyncPolarity,SyncEnable,EventEnable,SyncRequestNumber
Dma.SPI2_TX.0.SignalID=NONE
Dma.SPI2_TX.0.SyncEnable=ENABLE
Dma.SPI2_TX.0.SyncPolarity=HAL_DMAMUX_SYNC_RISING
Dma.SPI2_TX.0.SyncRequestNumber=1
Dma.SPI2_TX.0.SyncSignalID=HAL_DMAMUX1_SYNC_TIM12_TRGO
FREERTOS.INCLUDE_pcTaskGetTaskName=1
FREERTOS.INCLUDE_uxTaskGetStackHighWaterMark2=1
FREERTOS.INCLUDE_xEventGroupSetBitFromISR=1
FREERTOS.INCLUDE_xSemaphoreGetMutexHolder=1
FREERTOS.INCLUDE_xTaskGetHandle=1
FREERTOS.IPParameters=Tasks01,configUSE_APPLICATION_TASK_TAG,configRECORD_STACK_HIGH_ADDRESS,configTOTAL_HEAP_SIZE,configUSE_IDLE_HOOK,configUSE_TICK_HOOK,configUSE_MALLOC_FAILED_HOOK,configCHECK_FOR_STACK_OVERFLOW,configGENERATE_RUN_TIME_STATS,configUSE_STATS_FORMATTING_FUNCTIONS,configUSE_POSIX_ERRNO,configUSE_NEWLIB_REENTRANT,INCLUDE_xSemaphoreGetMutexHolder,INCLUDE_pcTaskGetTaskName,INCLUDE_xEventGroupSetBitFromISR,INCLUDE_xTaskGetHandle,INCLUDE_uxTaskGetStackHighWaterMark2
FREERTOS.Tasks01=defaultTask,24,128,StartDefaultTask,Default,NULL,Dynamic,NULL,NULL
FREERTOS.configCHECK_FOR_STACK_OVERFLOW=2
FREERTOS.configGENERATE_RUN_TIME_STATS=1
FREERTOS.configRECORD_STACK_HIGH_ADDRESS=1
FREERTOS.configTOTAL_HEAP_SIZE=128000
FREERTOS.configUSE_APPLICATION_TASK_TAG=1
FREERTOS.configUSE_IDLE_HOOK=1
FREERTOS.configUSE_MALLOC_FAILED_HOOK=1
FREERTOS.configUSE_NEWLIB_REENTRANT=1
FREERTOS.configUSE_POSIX_ERRNO=1
FREERTOS.configUSE_STATS_FORMATTING_FUNCTIONS=1
FREERTOS.configUSE_TICK_HOOK=1
File.Version=6
GPIO.groupedBy=Group By Peripherals
KeepUserPlacement=false
Mcu.CPN=STM32H753VIT6
Mcu.Family=STM32H7
Mcu.IP0=ADC1
Mcu.IP1=ADC2
Mcu.IP10=RCC
Mcu.IP11=SPI2
Mcu.IP12=SYS
Mcu.IP13=TIM1
Mcu.IP14=TIM4
Mcu.IP15=TIM12
Mcu.IP16=USART3
Mcu.IP17=USB_OTG_FS
Mcu.IP2=ADC3
Mcu.IP3=CORTEX_M7
Mcu.IP4=DAC1
Mcu.IP5=DEBUG
Mcu.IP6=DMA
Mcu.IP7=FREERTOS
Mcu.IP8=NVIC
Mcu.IP9=PWR
Mcu.IPNb=18
Mcu.Name=STM32H753VITx
Mcu.Package=LQFP100
Mcu.Pin0=PH0-OSC_IN (PH0)
Mcu.Pin1=PC1
Mcu.Pin10=PB0
Mcu.Pin11=PB1
Mcu.Pin12=PE8
Mcu.Pin13=PE9
Mcu.Pin14=PE10
Mcu.Pin15=PE11
Mcu.Pin16=PE12
Mcu.Pin17=PE13
Mcu.Pin18=PB10
Mcu.Pin19=PB14
Mcu.Pin2=PC2_C
Mcu.Pin20=PB15
Mcu.Pin21=PD8
Mcu.Pin22=PD9
Mcu.Pin23=PD10
Mcu.Pin24=PD11
Mcu.Pin25=PD13
Mcu.Pin26=PA9
Mcu.Pin27=PA11
Mcu.Pin28=PA12
Mcu.Pin29=PA13 (JTMS/SWDIO)
Mcu.Pin3=PC3_C
Mcu.Pin30=PA14 (JTCK/SWCLK)
Mcu.Pin31=VP_FREERTOS_VS_CMSIS_V2
Mcu.Pin32=VP_PWR_V_PVD_IN
Mcu.Pin33=VP_SYS_VS_tim17
Mcu.Pin34=VP_TIM1_VS_ClockSourceINT
Mcu.Pin35=VP_TIM1_VS_ClockSourceITR
Mcu.Pin36=VP_TIM1_VS_no_output4
Mcu.Pin37=VP_TIM1_VS_OPM
Mcu.Pin38=VP_TIM4_VS_ClockSourceINT
Mcu.Pin39=VP_TIM4_VS_no_output1
Mcu.Pin4=PA4
Mcu.Pin40=VP_TIM12_VS_ClockSourceINT
Mcu.Pin41=VP_TIM12_VS_ClockSourceITR
Mcu.Pin42=VP_TIM12_VS_no_output1
Mcu.Pin43=VP_TIM12_VS_OPM
Mcu.Pin5=PA5
Mcu.Pin6=PA6
Mcu.Pin7=PA7
Mcu.Pin8=PC4
Mcu.Pin9=PC5
Mcu.PinsNb=44
Mcu.ThirdPartyNb=0
Mcu.UserConstants=
Mcu.UserName=STM32H753VITx
MxCube.Version=6.11.1
MxDb.Version=DB.6.0.111
NVIC.BusFault_IRQn=true\:0\:0\:false\:false\:true\:false\:false\:false\:false
NVIC.DMA1_Stream0_IRQn=true\:5\:0\:false\:false\:true\:true\:false\:true\:true
NVIC.DMA1_Stream1_IRQn=true\:5\:0\:false\:false\:true\:true\:false\:true\:true
NVIC.DMA1_Stream2_IRQn=true\:5\:0\:false\:false\:true\:true\:false\:true\:true
NVIC.DMAMUX1_OVR_IRQn=true\:5\:0\:false\:false\:true\:false\:false\:true\:true
NVIC.DebugMonitor_IRQn=true\:0\:0\:false\:false\:true\:false\:false\:false\:false
NVIC.ForceEnableDMAVector=true
NVIC.HardFault_IRQn=true\:0\:0\:false\:false\:true\:false\:false\:false\:false
NVIC.MemoryManagement_IRQn=true\:0\:0\:false\:false\:true\:false\:false\:false\:false
NVIC.NonMaskableInt_IRQn=true\:0\:0\:false\:false\:true\:false\:false\:false\:false
NVIC.PendSV_IRQn=true\:15\:0\:false\:false\:false\:true\:false\:false\:false
NVIC.PriorityGroup=NVIC_PRIORITYGROUP_4
NVIC.SPI2_IRQn=true\:5\:0\:false\:false\:true\:true\:false\:true\:true
NVIC.SVCall_IRQn=true\:0\:0\:false\:false\:false\:false\:false\:false\:false
NVIC.SavedPendsvIrqHandlerGenerated=true
NVIC.SavedSvcallIrqHandlerGenerated=true
NVIC.SavedSystickIrqHandlerGenerated=true
NVIC.SysTick_IRQn=true\:15\:0\:false\:false\:false\:true\:false\:true\:false
NVIC.TIM17_IRQn=true\:15\:0\:false\:false\:true\:false\:false\:true\:true
NVIC.TimeBase=TIM17_IRQn
NVIC.TimeBaseIP=TIM17
NVIC.USART3_IRQn=true\:5\:0\:false\:false\:true\:true\:true\:true\:true
NVIC.UsageFault_IRQn=true\:0\:0\:false\:false\:true\:false\:false\:false\:false
PA11.Locked=true
PA11.Mode=Device_Only
PA11.Signal=USB_OTG_FS_DM
PA12.Locked=true
PA12.Mode=Device_Only
PA12.Signal=USB_OTG_FS_DP
PA13\ (JTMS/SWDIO).Locked=true
PA13\ (JTMS/SWDIO).Mode=Serial_Wire
PA13\ (JTMS/SWDIO).Signal=DEBUG_JTMS-SWDIO
PA14\ (JTCK/SWCLK).Locked=true
PA14\ (JTCK/SWCLK).Mode=Serial_Wire
PA14\ (JTCK/SWCLK).Signal=DEBUG_JTCK-SWCLK
PA4.GPIOParameters=GPIO_Label
PA4.GPIO_Label=AN_GAIN
PA4.Locked=true
PA4.Signal=COMP_DAC11_group
PA5.Locked=true
PA5.Signal=COMP_DAC12_group
PA6.GPIOParameters=GPIO_Label
PA6.GPIO_Label=AN_CURR_FB
PA6.Locked=true
PA6.Signal=ADCx_INP3
PA7.GPIOParameters=GPIO_Label
PA7.GPIO_Label=AN_CURR_REF
PA7.Locked=true
PA7.Signal=ADCx_INN3
PA9.Locked=true
PA9.Mode=Activate_VBUS
PA9.Signal=USB_OTG_FS_VBUS
PB0.GPIOParameters=GPIO_Label
PB0.GPIO_Label=AN_TRIMPOT
PB0.Locked=true
PB0.Signal=ADCx_INP9
PB1.GPIOParameters=GPIO_Label
PB1.GPIO_Label=AN_RX_REF
PB1.Locked=true
PB1.Signal=ADCx_INP5
PB10.GPIOParameters=GPIO_Speed
PB10.GPIO_Speed=GPIO_SPEED_FREQ_MEDIUM
PB10.Locked=true
PB10.Mode=Full_Duplex_Master
PB10.Signal=SPI2_SCK
PB14.GPIOParameters=GPIO_Label
PB14.GPIO_Label=EXT_DAC_nSYNC
PB14.Locked=true
PB14.Signal=S_TIM12_CH1
PB15.Signal=S_TIM12_CH2
PC1.GPIOParameters=GPIO_Speed
PC1.GPIO_Speed=GPIO_SPEED_FREQ_MEDIUM
PC1.Locked=true
PC1.Mode=Full_Duplex_Master
PC1.Signal=SPI2_MOSI
PC2_C.GPIOParameters=GPIO_Speed
PC2_C.GPIO_Speed=GPIO_SPEED_FREQ_MEDIUM
PC2_C.Locked=true
PC2_C.Mode=Full_Duplex_Master
PC2_C.Signal=SPI2_MISO
PC3_C.GPIOParameters=GPIO_Label
PC3_C.GPIO_Label=AN_VOLT_FB
PC3_C.Locked=true
PC3_C.Mode=IN1-Single-Ended
PC3_C.Signal=ADC3_INP1
PC4.GPIOParameters=GPIO_Label
PC4.GPIO_Label=AN_RX_P
PC4.Locked=true
PC4.Signal=ADCx_INP4
PC5.GPIOParameters=GPIO_Label
PC5.GPIO_Label=AN_RX_N
PC5.Locked=true
PC5.Signal=ADCx_INN4
PD10.GPIOParameters=GPIO_Label
PD10.GPIO_Label=EN_TRANSDUCER
PD10.Locked=true
PD10.Signal=GPIO_Output
PD11.GPIOParameters=GPIO_PuPd,GPIO_Label
PD11.GPIO_Label=USB_VBUS_DET
PD11.GPIO_PuPd=GPIO_PULLUP
PD11.Locked=true
PD11.Signal=GPIO_Input
PD13.GPIOParameters=GPIO_Label
PD13.GPIO_Label=EN_HEADPHONE
PD13.Locked=true
PD13.Signal=GPIO_Output
PD8.GPIOParameters=GPIO_PuPd
PD8.GPIO_PuPd=GPIO_PULLUP
PD8.Locked=true
PD8.Mode=Asynchronous
PD8.Signal=USART3_TX
PD9.GPIOParameters=GPIO_PuPd
PD9.GPIO_PuPd=GPIO_PULLUP
PD9.Locked=true
PD9.Mode=Asynchronous
PD9.Signal=USART3_RX
PE10.Locked=true
PE10.Signal=TIM1_CH2N
PE11.Locked=true
PE11.Signal=S_TIM1_CH2
PE12.Locked=true
PE12.Signal=TIM1_CH3N
PE13.Locked=true
PE13.Signal=S_TIM1_CH3
PE8.Locked=true
PE8.Signal=TIM1_CH1N
PE9.Locked=true
PE9.Signal=S_TIM1_CH1
PH0-OSC_IN\ (PH0).Mode=HSE-External-Clock-Source
PH0-OSC_IN\ (PH0).Signal=RCC_OSC_IN
PWR.IPParameters=PVDLevel
PWR.PVDLevel=PWR_PVDLEVEL_6
PinOutPanel.RotationAngle=0
ProjectManager.AskForMigrate=true
ProjectManager.BackupPrevious=false
ProjectManager.CompilerOptimize=6
ProjectManager.ComputerToolchain=false
ProjectManager.CoupleFile=false
ProjectManager.CustomerFirmwarePackage=
ProjectManager.DefaultFWLocation=true
ProjectManager.DeletePrevious=true
ProjectManager.DeviceId=STM32H753VITx
ProjectManager.FirmwarePackage=STM32Cube FW_H7 V1.11.2
ProjectManager.FreePins=true
ProjectManager.HalAssertFull=false
ProjectManager.HeapSize=0xFFFF
ProjectManager.KeepUserCode=false
ProjectManager.LastFirmware=true
ProjectManager.LibraryCopy=1
ProjectManager.MainLocation=Core/Src
ProjectManager.MultiThreaded=true
ProjectManager.NoMain=false
ProjectManager.PreviousToolchain=
ProjectManager.ProjectBuild=false
ProjectManager.ProjectFileName=cubemx.ioc
ProjectManager.ProjectName=cubemx
ProjectManager.ProjectStructure=
ProjectManager.RegisterCallBack=
ProjectManager.StackSize=0x800
ProjectManager.TargetToolchain=CMake
ProjectManager.ThreadSafeStrategy=Cortex-M7NS\:FreeRtosStrategy5,
ProjectManager.ToolChainLocation=
ProjectManager.UAScriptAfterPath=
ProjectManager.UAScriptBeforePath=
ProjectManager.UnderRoot=false
ProjectManager.functionlistsort=1-SystemClock_Config-RCC-false-HAL-false,2-MX_GPIO_Init-GPIO-false-HAL-true,3-MX_DMA_Init-DMA-false-HAL-true,4-MX_ADC2_Init-ADC2-false-HAL-true,5-MX_DAC1_Init-DAC1-false-HAL-true,6-MX_SPI2_Init-SPI2-false-HAL-true,7-MX_USART3_UART_Init-USART3-false-HAL-true,8-MX_ADC3_Init-ADC3-false-HAL-true,9-MX_USB_OTG_FS_PCD_Init-USB_OTG_FS-false-HAL-true,10-MX_TIM4_Init-TIM4-false-HAL-true,11-MX_TIM12_Init-TIM12-false-HAL-true,12-MX_ADC1_Init-ADC1-false-HAL-true,13-MX_TIM1_Init-TIM1-false-HAL-true,0-MX_PWR_Init-PWR-false-HAL-true,0-MX_CORTEX_M7_Init-CORTEX_M7-false-HAL-true
RCC.ADCCLockSelection=RCC_ADCCLKSOURCE_PLL3
RCC.ADCFreq_Value=18000000
RCC.AHB12Freq_Value=240000000
RCC.AHB4Freq_Value=240000000
RCC.APB1Freq_Value=120000000
RCC.APB2Freq_Value=120000000
RCC.APB3Freq_Value=120000000
RCC.APB4Freq_Value=120000000
RCC.AXIClockFreq_Value=240000000
RCC.CECFreq_Value=32000
RCC.CKPERFreq_Value=64000000
RCC.CortexFreq_Value=240000000
RCC.CpuClockFreq_Value=240000000
RCC.D1CPRE=RCC_SYSCLK_DIV2
RCC.D1CPREFreq_Value=240000000
RCC.D1PPRE=RCC_APB3_DIV2
RCC.D2PPRE1=RCC_APB1_DIV2
RCC.D2PPRE2=RCC_APB2_DIV2
RCC.D3PPRE=RCC_APB4_DIV2
RCC.DFSDMACLkFreq_Value=48000000
RCC.DFSDMFreq_Value=120000000
RCC.DIVM1=2
RCC.DIVM2=2
RCC.DIVM3=2
RCC.DIVN1=80
RCC.DIVN2=40
RCC.DIVN3=24
RCC.DIVP1Freq_Value=480000000
RCC.DIVP2=24
RCC.DIVP2Freq_Value=20000000
RCC.DIVP3=12
RCC.DIVP3Freq_Value=24000000
RCC.DIVQ1=20
RCC.DIVQ1Freq_Value=48000000
RCC.DIVQ2=40
RCC.DIVQ2Freq_Value=12000000
RCC.DIVQ3=6
RCC.DIVQ3Freq_Value=48000000
RCC.DIVR1=20
RCC.DIVR1Freq_Value=48000000
RCC.DIVR2Freq_Value=240000000
RCC.DIVR3=16
RCC.DIVR3Freq_Value=18000000
RCC.FDCANFreq_Value=48000000
RCC.FMCFreq_Value=240000000
RCC.FamilyName=M
RCC.HCLK3ClockFreq_Value=240000000
RCC.HCLKFreq_Value=240000000
RCC.HRTIMFreq_Value=240000000
RCC.HSE_VALUE=24000000
RCC.I2C123Freq_Value=120000000
RCC.I2C4Freq_Value=120000000
RCC.IPParameters=ADCCLockSelection,ADCFreq_Value,AHB12Freq_Value,AHB4Freq_Value,APB1Freq_Value,APB2Freq_Value,APB3Freq_Value,APB4Freq_Value,AXIClockFreq_Value,CECFreq_Value,CKPERFreq_Value,CortexFreq_Value,CpuClockFreq_Value,D1CPRE,D1CPREFreq_Value,D1PPRE,D2PPRE1,D2PPRE2,D3PPRE,DFSDMACLkFreq_Value,DFSDMFreq_Value,DIVM1,DIVM2,DIVM3,DIVN1,DIVN2,DIVN3,DIVP1Freq_Value,DIVP2,DIVP2Freq_Value,DIVP3,DIVP3Freq_Value,DIVQ1,DIVQ1Freq_Value,DIVQ2,DIVQ2Freq_Value,DIVQ3,DIVQ3Freq_Value,DIVR1,DIVR1Freq_Value,DIVR2Freq_Value,DIVR3,DIVR3Freq_Value,FDCANFreq_Value,FMCFreq_Value,FamilyName,HCLK3ClockFreq_Value,HCLKFreq_Value,HRTIMFreq_Value,HSE_VALUE,I2C123Freq_Value,I2C4Freq_Value,LPTIM1Freq_Value,LPTIM2Freq_Value,LPTIM345Freq_Value,LPUART1Freq_Value,LTDCFreq_Value,MCO1PinFreq_Value,MCO2PinFreq_Value,PLLSourceVirtual,QSPIFreq_Value,RNGFreq_Value,RTCFreq_Value,SAI1Freq_Value,SAI23Freq_Value,SAI4AFreq_Value,SAI4BFreq_Value,SDMMCFreq_Value,SPDIFRXFreq_Value,SPI123CLockSelection,SPI123Freq_Value,SPI45Freq_Value,SPI6Freq_Value,SWPMI1Freq_Value,SYSCLKFreq_VALUE,SYSCLKSource,Tim1OutputFreq_Value,Tim2OutputFreq_Value,TraceFreq_Value,USART16Freq_Value,USART234578CLockSelection,USART234578Freq_Value,USBCLockSelection,USBFreq_Value,VCO1OutputFreq_Value,VCO2OutputFreq_Value,VCO3OutputFreq_Value,VCOInput1Freq_Value,VCOInput2Freq_Value,VCOInput3Freq_Value
RCC.LPTIM1Freq_Value=120000000
RCC.LPTIM2Freq_Value=120000000
RCC.LPTIM345Freq_Value=120000000
RCC.LPUART1Freq_Value=120000000
RCC.LTDCFreq_Value=18000000
RCC.MCO1PinFreq_Value=64000000
RCC.MCO2PinFreq_Value=480000000
RCC.PLLSourceVirtual=RCC_PLLSOURCE_HSE
RCC.QSPIFreq_Value=240000000
RCC.RNGFreq_Value=48000000
RCC.RTCFreq_Value=32000
RCC.SAI1Freq_Value=48000000
RCC.SAI23Freq_Value=48000000
RCC.SAI4AFreq_Value=48000000
RCC.SAI4BFreq_Value=48000000
RCC.SDMMCFreq_Value=48000000
RCC.SPDIFRXFreq_Value=48000000
RCC.SPI123CLockSelection=RCC_SPI123CLKSOURCE_PLL2
RCC.SPI123Freq_Value=20000000
RCC.SPI45Freq_Value=120000000
RCC.SPI6Freq_Value=120000000
RCC.SWPMI1Freq_Value=120000000
RCC.SYSCLKFreq_VALUE=480000000
RCC.SYSCLKSource=RCC_SYSCLKSOURCE_PLLCLK
RCC.Tim1OutputFreq_Value=240000000
RCC.Tim2OutputFreq_Value=240000000
RCC.TraceFreq_Value=48000000
RCC.USART16Freq_Value=120000000
RCC.USART234578CLockSelection=RCC_USART234578CLKSOURCE_PLL2
RCC.USART234578Freq_Value=12000000
RCC.USBCLockSelection=RCC_USBCLKSOURCE_PLL3
RCC.USBFreq_Value=48000000
RCC.VCO1OutputFreq_Value=960000000
RCC.VCO2OutputFreq_Value=480000000
RCC.VCO3OutputFreq_Value=288000000
RCC.VCOInput1Freq_Value=12000000
RCC.VCOInput2Freq_Value=12000000
RCC.VCOInput3Freq_Value=12000000
SH.ADCx_INN3.0=ADC1_INN3,IN3-Differential
SH.ADCx_INN3.ConfNb=1
SH.ADCx_INN4.0=ADC2_INN4,IN4-Differential
SH.ADCx_INN4.ConfNb=1
SH.ADCx_INP3.0=ADC1_INP3,IN3-Differential
SH.ADCx_INP3.ConfNb=1
SH.ADCx_INP4.0=ADC2_INP4,IN4-Differential
SH.ADCx_INP4.ConfNb=1
SH.ADCx_INP5.0=ADC2_INP5,IN5-Single-Ended
SH.ADCx_INP5.ConfNb=1
SH.ADCx_INP9.0=ADC1_INP9,IN9-Single-Ended
SH.ADCx_INP9.ConfNb=1
SH.COMP_DAC11_group.0=DAC1_OUT1,DAC_OUT1
SH.COMP_DAC11_group.ConfNb=1
SH.COMP_DAC12_group.0=DAC1_OUT2,DAC_OUT2
SH.COMP_DAC12_group.ConfNb=1
SH.S_TIM12_CH1.0=TIM12_CH1
SH.S_TIM12_CH1.ConfNb=1
SH.S_TIM12_CH2.0=TIM12_CH2,Output Compare2 CH2
SH.S_TIM12_CH2.ConfNb=1
SH.S_TIM1_CH1.0=TIM1_CH1
SH.S_TIM1_CH1.ConfNb=1
SH.S_TIM1_CH2.0=TIM1_CH2
SH.S_TIM1_CH2.ConfNb=1
SH.S_TIM1_CH3.0=TIM1_CH3
SH.S_TIM1_CH3.ConfNb=1
SPI2.BaudRatePrescaler=SPI_BAUDRATEPRESCALER_2
SPI2.CLKPhase=SPI_PHASE_2EDGE
SPI2.CalculateBaudRate=10.0 MBits/s
SPI2.DataSize=SPI_DATASIZE_16BIT
SPI2.Direction=SPI_DIRECTION_2LINES
SPI2.FifoThreshold=SPI_FIFO_THRESHOLD_04DATA
SPI2.IPParameters=VirtualType,Mode,Direction,CalculateBaudRate,DataSize,BaudRatePrescaler,FifoThreshold,CLKPhase
SPI2.Mode=SPI_MODE_MASTER
SPI2.VirtualType=VM_MASTER
TIM1.Channel-Output\ Compare4\ No\ Output=TIM_CHANNEL_4
TIM1.IPParameters=Channel-Output Compare4 No Output,TIM_MasterOutputTrigger2,Prescaler,Period
TIM1.Period=1874
TIM1.Prescaler=0
TIM1.TIM_MasterOutputTrigger2=TIM_TRGO2_OC4REF
TIM12.AutoReloadPreload=TIM_AUTORELOAD_PRELOAD_DISABLE
TIM12.Channel-Output\ Compare1\ No\ Output=TIM_CHANNEL_1
TIM12.Channel-Output\ Compare2\ CH2=TIM_CHANNEL_2
TIM12.IPParameters=OCMode_1,Channel-Output Compare1 No Output,Channel-Output Compare2 CH2,AutoReloadPreload,Pulse-Output Compare1 No Output,Prescaler,Period,OCMode_2,Pulse-Output Compare2 CH2,OC2Preload,OCPolarity_2,OC1Preload
TIM12.OC1Preload=ENABLE
TIM12.OC2Preload=ENABLE
TIM12.OCMode_1=TIM_OCMODE_TIMING
TIM12.OCMode_2=TIM_OCMODE_ACTIVE
TIM12.OCPolarity_2=TIM_OCPOLARITY_LOW
TIM12.Period=1874
TIM12.Prescaler=0
TIM12.Pulse-Output\ Compare1\ No\ Output=0
TIM12.Pulse-Output\ Compare2\ CH2=479
TIM4.Channel-Output\ Compare1\ No\ Output=TIM_CHANNEL_1
TIM4.IPParameters=TIM_MasterOutputTrigger,Channel-Output Compare1 No Output,TIM_MasterSlaveMode,OCMode_1,Prescaler,Period
TIM4.OCMode_1=TIM_OCMODE_ACTIVE
TIM4.Period=3749
TIM4.Prescaler=0
TIM4.TIM_MasterOutputTrigger=TIM_TRGO_OC1REF
TIM4.TIM_MasterSlaveMode=TIM_MASTERSLAVEMODE_DISABLE
USART3.IPParameters=VirtualMode-Asynchronous
USART3.VirtualMode-Asynchronous=VM_ASYNC
USB_OTG_FS.IPParameters=VirtualMode,battery_charging_enable
USB_OTG_FS.VirtualMode=Device_Only
USB_OTG_FS.battery_charging_enable=DISABLE
VP_FREERTOS_VS_CMSIS_V2.Mode=CMSIS_V2
VP_FREERTOS_VS_CMSIS_V2.Signal=FREERTOS_VS_CMSIS_V2
VP_PWR_V_PVD_IN.Mode=Mode_PVD_Int
VP_PWR_V_PVD_IN.Signal=PWR_V_PVD_IN
VP_SYS_VS_tim17.Mode=TIM17
VP_SYS_VS_tim17.Signal=SYS_VS_tim17
VP_TIM12_VS_ClockSourceINT.Mode=Internal
VP_TIM12_VS_ClockSourceINT.Signal=TIM12_VS_ClockSourceINT
VP_TIM12_VS_ClockSourceITR.Mode=TriggerSource_ITR0
VP_TIM12_VS_ClockSourceITR.Signal=TIM12_VS_ClockSourceITR
VP_TIM12_VS_OPM.Mode=OPM_bit
VP_TIM12_VS_OPM.Signal=TIM12_VS_OPM
VP_TIM12_VS_no_output1.Mode=Output Compare1 No Output
VP_TIM12_VS_no_output1.Signal=TIM12_VS_no_output1
VP_TIM1_VS_ClockSourceINT.Mode=Internal
VP_TIM1_VS_ClockSourceINT.Signal=TIM1_VS_ClockSourceINT
VP_TIM1_VS_ClockSourceITR.Mode=TriggerSource_ITR3
VP_TIM1_VS_ClockSourceITR.Signal=TIM1_VS_ClockSourceITR
VP_TIM1_VS_OPM.Mode=OPM_bit
VP_TIM1_VS_OPM.Signal=TIM1_VS_OPM
VP_TIM1_VS_no_output4.Mode=Output Compare4 No Output
VP_TIM1_VS_no_output4.Signal=TIM1_VS_no_output4
VP_TIM4_VS_ClockSourceINT.Mode=Internal
VP_TIM4_VS_ClockSourceINT.Signal=TIM4_VS_ClockSourceINT
VP_TIM4_VS_no_output1.Mode=Output Compare1 No Output
VP_TIM4_VS_no_output1.Signal=TIM4_VS_no_output1
board=custom
rtos.0.ip=FREERTOS
